
Microsoft Visual Studio Solution File, Format Version 12.00
# Visual Studio Version 17
VisualStudioVersion = 17.10.34928.147
MinimumVisualStudioVersion = 10.0.40219.1
Project("{FAE04EC0-301F-11D3-BF4B-00C04F79EFBC}") = "Stack and Queue (Generic Collection)", "Stack and Queue (Generic Collection)\Stack and Queue (Generic Collection).csproj", "{8183EF5F-FD25-456A-9A50-65E656F9C837}"
EndProject
Global
	GlobalSection(SolutionConfigurationPlatforms) = preSolution
		Debug|Any CPU = Debug|Any CPU
		Release|Any CPU = Release|Any CPU
	EndGlobalSection
	GlobalSection(ProjectConfigurationPlatforms) = postSolution
		{8183EF5F-FD25-456A-9A50-65E656F9C837}.Debug|Any CPU.ActiveCfg = Debug|Any CPU
		{8183EF5F-FD25-456A-9A50-65E656F9C837}.Debug|Any CPU.Build.0 = Debug|Any CPU
		{8183EF5F-FD25-456A-9A50-65E656F9C837}.Release|Any CPU.ActiveCfg = Release|Any CPU
		{8183EF5F-FD25-456A-9A50-65E656F9C837}.Release|Any CPU.Build.0 = Release|Any CPU
	EndGlobalSection
	GlobalSection(SolutionProperties) = preSolution
		HideSolutionNode = FALSE
	EndGlobalSection
	GlobalSection(ExtensibilityGlobals) = postSolution
		SolutionGuid = {FEA1A864-7CA2-46C8-AAC6-11B538F4B30F}
	EndGlobalSection
EndGlobal
